github.com/craterdog/go-collection-framework/v4 v4.6.0 h1:vaSlknrLBjcL63AQLmH23dpqdJ0CCvsOLqqxTjeMj1Y=
github.com/craterdog/go-collection-framework/v4 v4.6.0/go.mod h1:Ts5n1OQIekrJTcuA43I8WE36lx3gROnj2NsISXtv0J4=
github.com/craterdog/go-model-framework/v4 v4.6.1 h1:6WiBJTClq/JgPnY/Rb0aE0gHQuRQTpNS9/27orYdDq0=
github.com/craterdog/go-model-framework/v4 v4.6.1/go.mod h1:KaF5ZrgaF0TFg2izP8DrEQ+YseHlmW1VjTP3qsV7MPA=
github.com/davecgh/go-spew v1.1.1 h1:vj9j/u1bqnvCEfJOwUhtlOARqs3+rkHYY13jYWTU97c=
github.com/davecgh/go-spew v1.1.1/go.mod h1:J7Y8YcW2NihsgmVo/mv3lAwl/skON4iLHjSsI+c5H38=
github.com/pmezard/go-difflib v1.0.0 h1:4DBwDE0NGyQoBHbLQYPwSUPoCMWR5BEzIk/f1lZbAQM=
github.com/pmezard/go-difflib v1.0.0/go.mod h1:iKH77koFhYxTK1pcRnkKkqfTogsbg7gZNVY4sRDYZ/4=
github.com/stretchr/testify v1.9.0 h1:HtqpIVDClZ4nwg75+f6Lvsy/wHu+3BoSGCbBAcpTsTg=
github.com/stretchr/testify v1.9.0/go.mod h1:r2ic/lqez/lEtzL7wO/rwa5dbSLXVDPFyf8C91i36aY=
gopkg.in/yaml.v3 v3.0.1 h1:fxVm/GzAzEWqLHuvctI91KS9hhNmmWOoWu0XTYJS7CA=
gopkg.in/yaml.v3 v3.0.1/go.mod h1:K4uyk7z7BCEPqu6E+C64Yfv1cQ7kz7rIZviUmN+EgEM=
